
Microsoft Visual Studio Solution File, Format Version 12.00
# Visual Studio Version 17
VisualStudioVersion = 17.13.35825.156 d17.13
MinimumVisualStudioVersion = 10.0.40219.1
Project("{FAE04EC0-301F-11D3-BF4B-00C04F79EFBC}") = "NET Framework 1", "NET Framework 1\NET Framework 1.csproj", "{BE250A31-6037-4DEB-884B-02C83FDBE731}"
EndProject
Global
	GlobalSection(SolutionConfigurationPlatforms) = preSolution
		Debug|Any CPU = Debug|Any CPU
		Release|Any CPU = Release|Any CPU
	EndGlobalSection
	GlobalSection(ProjectConfigurationPlatforms) = postSolution
		{BE250A31-6037-4DEB-884B-02C83FDBE731}.Debug|Any CPU.ActiveCfg = Debug|Any CPU
		{BE250A31-6037-4DEB-884B-02C83FDBE731}.Debug|Any CPU.Build.0 = Debug|Any CPU
		{BE250A31-6037-4DEB-884B-02C83FDBE731}.Release|Any CPU.ActiveCfg = Release|Any CPU
		{BE250A31-6037-4DEB-884B-02C83FDBE731}.Release|Any CPU.Build.0 = Release|Any CPU
	EndGlobalSection
	GlobalSection(SolutionProperties) = preSolution
		HideSolutionNode = FALSE
	EndGlobalSection
	GlobalSection(ExtensibilityGlobals) = postSolution
		SolutionGuid = {087E3D31-77F1-4516-93C3-1466FC043FE3}
	EndGlobalSection
EndGlobal
